
Microsoft Visual Studio Solution File, Format Version 12.00
# Visual Studio 14
VisualStudioVersion = 14.0.22823.1
MinimumVisualStudioVersion = 10.0.40219.1
Project("{262852C6-CD72-467D-83FE-5EEB1973A190}") = "App", "CordovaMultiplatformTemplate1\App\App.jsproj", "{00B3F5D7-2BFD-4A63-BC9A-2C924125989C}"
EndProject
Project("{9092AA53-FB77-4645-B42D-1CCCA6BD08BD}") = "Tasks", "CordovaMultiplatformTemplate1\Tasks\Tasks.njsproj", "{8E0F8C90-57F5-4F39-BD31-1F03B1D06690}"
EndProject
Global
	GlobalSection(SolutionConfigurationPlatforms) = preSolution
		Debug|Android = Debug|Android
		Debug|Any CPU = Debug|Any CPU
		Debug|iOS = Debug|iOS
		Debug|Windows Phone (Universal) = Debug|Windows Phone (Universal)
		Debug|Windows Phone 8 = Debug|Windows Phone 8
		Debug|Windows-AnyCPU = Debug|Windows-AnyCPU
		Debug|Windows-ARM = Debug|Windows-ARM
		Debug|Windows-x64 = Debug|Windows-x64
		Debug|Windows-x86 = Debug|Windows-x86
		Release|Android = Release|Android
		Release|Any CPU = Release|Any CPU
		Release|iOS = Release|iOS
		Release|Windows Phone (Universal) = Release|Windows Phone (Universal)
		Release|Windows Phone 8 = Release|Windows Phone 8
		Release|Windows-AnyCPU = Release|Windows-AnyCPU
		Release|Windows-ARM = Release|Windows-ARM
		Release|Windows-x64 = Release|Windows-x64
		Release|Windows-x86 = Release|Windows-x86
	EndGlobalSection
	GlobalSection(ProjectConfigurationPlatforms) = postSolution
		{00B3F5D7-2BFD-4A63-BC9A-2C924125989C}.Debug|Android.ActiveCfg = Debug|Android
		{00B3F5D7-2BFD-4A63-BC9A-2C924125989C}.Debug|Android.Build.0 = Debug|Android
		{00B3F5D7-2BFD-4A63-BC9A-2C924125989C}.Debug|Android.Deploy.0 = Debug|Android
		{00B3F5D7-2BFD-4A63-BC9A-2C924125989C}.Debug|Any CPU.ActiveCfg = Debug|Android
		{00B3F5D7-2BFD-4A63-BC9A-2C924125989C}.Debug|iOS.ActiveCfg = Debug|iOS
		{00B3F5D7-2BFD-4A63-BC9A-2C924125989C}.Debug|iOS.Build.0 = Debug|iOS
		{00B3F5D7-2BFD-4A63-BC9A-2C924125989C}.Debug|iOS.Deploy.0 = Debug|iOS
		{00B3F5D7-2BFD-4A63-BC9A-2C924125989C}.Debug|Windows Phone (Universal).ActiveCfg = Debug|Windows Phone (Universal)
		{00B3F5D7-2BFD-4A63-BC9A-2C924125989C}.Debug|Windows Phone (Universal).Build.0 = Debug|Windows Phone (Universal)
		{00B3F5D7-2BFD-4A63-BC9A-2C924125989C}.Debug|Windows Phone (Universal).Deploy.0 = Debug|Windows Phone (Universal)
		{00B3F5D7-2BFD-4A63-BC9A-2C924125989C}.Debug|Windows Phone 8.ActiveCfg = Debug|Windows Phone 8
		{00B3F5D7-2BFD-4A63-BC9A-2C924125989C}.Debug|Windows Phone 8.Build.0 = Debug|Windows Phone 8
		{00B3F5D7-2BFD-4A63-BC9A-2C924125989C}.Debug|Windows Phone 8.Deploy.0 = Debug|Windows Phone 8
		{00B3F5D7-2BFD-4A63-BC9A-2C924125989C}.Debug|Windows-AnyCPU.ActiveCfg = Debug|Windows-AnyCPU
		{00B3F5D7-2BFD-4A63-BC9A-2C924125989C}.Debug|Windows-AnyCPU.Build.0 = Debug|Windows-AnyCPU
		{00B3F5D7-2BFD-4A63-BC9A-2C924125989C}.Debug|Windows-AnyCPU.Deploy.0 = Debug|Windows-AnyCPU
		{00B3F5D7-2BFD-4A63-BC9A-2C924125989C}.Debug|Windows-ARM.ActiveCfg = Debug|Windows-ARM
		{00B3F5D7-2BFD-4A63-BC9A-2C924125989C}.Debug|Windows-ARM.Build.0 = Debug|Windows-ARM
		{00B3F5D7-2BFD-4A63-BC9A-2C924125989C}.Debug|Windows-ARM.Deploy.0 = Debug|Windows-ARM
		{00B3F5D7-2BFD-4A63-BC9A-2C924125989C}.Debug|Windows-x64.ActiveCfg = Debug|Windows-x64
		{00B3F5D7-2BFD-4A63-BC9A-2C924125989C}.Debug|Windows-x64.Build.0 = Debug|Windows-x64
		{00B3F5D7-2BFD-4A63-BC9A-2C924125989C}.Debug|Windows-x64.Deploy.0 = Debug|Windows-x64
		{00B3F5D7-2BFD-4A63-BC9A-2C924125989C}.Debug|Windows-x86.ActiveCfg = Debug|Windows-x86
		{00B3F5D7-2BFD-4A63-BC9A-2C924125989C}.Debug|Windows-x86.Build.0 = Debug|Windows-x86
		{00B3F5D7-2BFD-4A63-BC9A-2C924125989C}.Debug|Windows-x86.Deploy.0 = Debug|Windows-x86
		{00B3F5D7-2BFD-4A63-BC9A-2C924125989C}.Release|Android.ActiveCfg = Release|Android
		{00B3F5D7-2BFD-4A63-BC9A-2C924125989C}.Release|Android.Build.0 = Release|Android
		{00B3F5D7-2BFD-4A63-BC9A-2C924125989C}.Release|Android.Deploy.0 = Release|Android
		{00B3F5D7-2BFD-4A63-BC9A-2C924125989C}.Release|Any CPU.ActiveCfg = Release|Android
		{00B3F5D7-2BFD-4A63-BC9A-2C924125989C}.Release|iOS.ActiveCfg = Release|iOS
		{00B3F5D7-2BFD-4A63-BC9A-2C924125989C}.Release|iOS.Build.0 = Release|iOS
		{00B3F5D7-2BFD-4A63-BC9A-2C924125989C}.Release|iOS.Deploy.0 = Release|iOS
		{00B3F5D7-2BFD-4A63-BC9A-2C924125989C}.Release|Windows Phone (Universal).ActiveCfg = Release|Windows Phone (Universal)
		{00B3F5D7-2BFD-4A63-BC9A-2C924125989C}.Release|Windows Phone (Universal).Build.0 = Release|Windows Phone (Universal)
		{00B3F5D7-2BFD-4A63-BC9A-2C924125989C}.Release|Windows Phone (Universal).Deploy.0 = Release|Windows Phone (Universal)
		{00B3F5D7-2BFD-4A63-BC9A-2C924125989C}.Release|Windows Phone 8.ActiveCfg = Release|Windows Phone 8
		{00B3F5D7-2BFD-4A63-BC9A-2C924125989C}.Release|Windows Phone 8.Build.0 = Release|Windows Phone 8
		{00B3F5D7-2BFD-4A63-BC9A-2C924125989C}.Release|Windows Phone 8.Deploy.0 = Release|Windows Phone 8
		{00B3F5D7-2BFD-4A63-BC9A-2C924125989C}.Release|Windows-AnyCPU.ActiveCfg = Release|Windows-AnyCPU
		{00B3F5D7-2BFD-4A63-BC9A-2C924125989C}.Release|Windows-AnyCPU.Build.0 = Release|Windows-AnyCPU
		{00B3F5D7-2BFD-4A63-BC9A-2C924125989C}.Release|Windows-AnyCPU.Deploy.0 = Release|Windows-AnyCPU
		{00B3F5D7-2BFD-4A63-BC9A-2C924125989C}.Release|Windows-ARM.ActiveCfg = Release|Windows-ARM
		{00B3F5D7-2BFD-4A63-BC9A-2C924125989C}.Release|Windows-ARM.Build.0 = Release|Windows-ARM
		{00B3F5D7-2BFD-4A63-BC9A-2C924125989C}.Release|Windows-ARM.Deploy.0 = Release|Windows-ARM
		{00B3F5D7-2BFD-4A63-BC9A-2C924125989C}.Release|Windows-x64.ActiveCfg = Release|Windows-x64
		{00B3F5D7-2BFD-4A63-BC9A-2C924125989C}.Release|Windows-x64.Build.0 = Release|Windows-x64
		{00B3F5D7-2BFD-4A63-BC9A-2C924125989C}.Release|Windows-x64.Deploy.0 = Release|Windows-x64
		{00B3F5D7-2BFD-4A63-BC9A-2C924125989C}.Release|Windows-x86.ActiveCfg = Release|Windows-x86
		{00B3F5D7-2BFD-4A63-BC9A-2C924125989C}.Release|Windows-x86.Build.0 = Release|Windows-x86
		{00B3F5D7-2BFD-4A63-BC9A-2C924125989C}.Release|Windows-x86.Deploy.0 = Release|Windows-x86
		{8E0F8C90-57F5-4F39-BD31-1F03B1D06690}.Debug|Android.ActiveCfg = Debug|Any CPU
		{8E0F8C90-57F5-4F39-BD31-1F03B1D06690}.Debug|Android.Build.0 = Debug|Any CPU
		{8E0F8C90-57F5-4F39-BD31-1F03B1D06690}.Debug|Any CPU.ActiveCfg = Debug|Any CPU
		{8E0F8C90-57F5-4F39-BD31-1F03B1D06690}.Debug|Any CPU.Build.0 = Debug|Any CPU
		{8E0F8C90-57F5-4F39-BD31-1F03B1D06690}.Debug|iOS.ActiveCfg = Debug|Any CPU
		{8E0F8C90-57F5-4F39-BD31-1F03B1D06690}.Debug|iOS.Build.0 = Debug|Any CPU
		{8E0F8C90-57F5-4F39-BD31-1F03B1D06690}.Debug|Windows Phone (Universal).ActiveCfg = Debug|Any CPU
		{8E0F8C90-57F5-4F39-BD31-1F03B1D06690}.Debug|Windows Phone (Universal).Build.0 = Debug|Any CPU
		{8E0F8C90-57F5-4F39-BD31-1F03B1D06690}.Debug|Windows Phone 8.ActiveCfg = Debug|Any CPU
		{8E0F8C90-57F5-4F39-BD31-1F03B1D06690}.Debug|Windows Phone 8.Build.0 = Debug|Any CPU
		{8E0F8C90-57F5-4F39-BD31-1F03B1D06690}.Debug|Windows-AnyCPU.ActiveCfg = Debug|Any CPU
		{8E0F8C90-57F5-4F39-BD31-1F03B1D06690}.Debug|Windows-AnyCPU.Build.0 = Debug|Any CPU
		{8E0F8C90-57F5-4F39-BD31-1F03B1D06690}.Debug|Windows-ARM.ActiveCfg = Debug|Any CPU
		{8E0F8C90-57F5-4F39-BD31-1F03B1D06690}.Debug|Windows-ARM.Build.0 = Debug|Any CPU
		{8E0F8C90-57F5-4F39-BD31-1F03B1D06690}.Debug|Windows-x64.ActiveCfg = Debug|Any CPU
		{8E0F8C90-57F5-4F39-BD31-1F03B1D06690}.Debug|Windows-x64.Build.0 = Debug|Any CPU
		{8E0F8C90-57F5-4F39-BD31-1F03B1D06690}.Debug|Windows-x86.ActiveCfg = Debug|Any CPU
		{8E0F8C90-57F5-4F39-BD31-1F03B1D06690}.Debug|Windows-x86.Build.0 = Debug|Any CPU
		{8E0F8C90-57F5-4F39-BD31-1F03B1D06690}.Release|Android.ActiveCfg = Release|Any CPU
		{8E0F8C90-57F5-4F39-BD31-1F03B1D06690}.Release|Android.Build.0 = Release|Any CPU
		{8E0F8C90-57F5-4F39-BD31-1F03B1D06690}.Release|Any CPU.ActiveCfg = Release|Any CPU
		{8E0F8C90-57F5-4F39-BD31-1F03B1D06690}.Release|Any CPU.Build.0 = Release|Any CPU
		{8E0F8C90-57F5-4F39-BD31-1F03B1D06690}.Release|iOS.ActiveCfg = Release|Any CPU
		{8E0F8C90-57F5-4F39-BD31-1F03B1D06690}.Release|iOS.Build.0 = Release|Any CPU
		{8E0F8C90-57F5-4F39-BD31-1F03B1D06690}.Release|Windows Phone (Universal).ActiveCfg = Release|Any CPU
		{8E0F8C90-57F5-4F39-BD31-1F03B1D06690}.Release|Windows Phone (Universal).Build.0 = Release|Any CPU
		{8E0F8C90-57F5-4F39-BD31-1F03B1D06690}.Release|Windows Phone 8.ActiveCfg = Release|Any CPU
		{8E0F8C90-57F5-4F39-BD31-1F03B1D06690}.Release|Windows Phone 8.Build.0 = Release|Any CPU
		{8E0F8C90-57F5-4F39-BD31-1F03B1D06690}.Release|Windows-AnyCPU.ActiveCfg = Release|Any CPU
		{8E0F8C90-57F5-4F39-BD31-1F03B1D06690}.Release|Windows-AnyCPU.Build.0 = Release|Any CPU
		{8E0F8C90-57F5-4F39-BD31-1F03B1D06690}.Release|Windows-ARM.ActiveCfg = Release|Any CPU
		{8E0F8C90-57F5-4F39-BD31-1F03B1D06690}.Release|Windows-ARM.Build.0 = Release|Any CPU
		{8E0F8C90-57F5-4F39-BD31-1F03B1D06690}.Release|Windows-x64.ActiveCfg = Release|Any CPU
		{8E0F8C90-57F5-4F39-BD31-1F03B1D06690}.Release|Windows-x64.Build.0 = Release|Any CPU
		{8E0F8C90-57F5-4F39-BD31-1F03B1D06690}.Release|Windows-x86.ActiveCfg = Release|Any CPU
		{8E0F8C90-57F5-4F39-BD31-1F03B1D06690}.Release|Windows-x86.Build.0 = Release|Any CPU
	EndGlobalSection
	GlobalSection(SolutionProperties) = preSolution
		HideSolutionNode = FALSE
	EndGlobalSection
EndGlobal
