
Microsoft Visual Studio Solution File, Format Version 12.00
# Visual Studio 14
VisualStudioVersion = 14.0.22609.0
MinimumVisualStudioVersion = 10.0.40219.1
Project("{FAE04EC0-301F-11D3-BF4B-00C04F79EFBC}") = "Cordova-Multiplatform-Template", "Cordova-Multiplatform-Template.csproj", "{F93AA651-0CEB-4BA1-BE8E-5EC5128F3200}"
EndProject
Global
	GlobalSection(SolutionConfigurationPlatforms) = preSolution
		Debug|Any CPU = Debug|Any CPU
		Release|Any CPU = Release|Any CPU
	EndGlobalSection
	GlobalSection(ProjectConfigurationPlatforms) = postSolution
		{F93AA651-0CEB-4BA1-BE8E-5EC5128F3200}.Debug|Any CPU.ActiveCfg = Debug|Any CPU
		{F93AA651-0CEB-4BA1-BE8E-5EC5128F3200}.Debug|Any CPU.Build.0 = Debug|Any CPU
		{F93AA651-0CEB-4BA1-BE8E-5EC5128F3200}.Release|Any CPU.ActiveCfg = Release|Any CPU
		{F93AA651-0CEB-4BA1-BE8E-5EC5128F3200}.Release|Any CPU.Build.0 = Release|Any CPU
	EndGlobalSection
	GlobalSection(SolutionProperties) = preSolution
		HideSolutionNode = FALSE
	EndGlobalSection
EndGlobal
